# This file is autogenerated, do not edit; changes may be undone by the next 'dep ensure'.


[[projects]]
  branch = "master"
  name = "github.com/extrame/goyymmdd"
  packages = ["."]
  revision = "a640f43046dffbd7d24de23f30cf91821c7a8017"

[[projects]]
  branch = "master"
  name = "github.com/extrame/ole2"
  packages = ["."]
  revision = "d69429661ad7efb189d2ad8074c867265009d0a4"

[[projects]]
  name = "golang.org/x/text"
  packages = ["encoding","encoding/charmap","encoding/internal","encoding/internal/identifier","internal/gen","transform","unicode/cldr"]
  revision = "f21a4dfb5e38f5895301dc265a8def02365cc3d0"
  version = "v0.3.0"

[solve-meta]
  analyzer-name = "dep"
  analyzer-version = 1
  inputs-digest = "2d7349566c38f7e4b12830962aa7a52c9f9d7d3e9de9e516bb12285752506fa2"
  solver-name = "gps-cdcl"
  solver-version = 1
